// !$*UTF8*$!
{
	archiveVersion = 1;
	classes = {
	};
	objectVersion = 46;
	objects = {

/* Begin PBXBuildFile section */
		20E817BBC5C110F88916E16F /* BaseViewController.swift in Sources */ = {isa = PBXBuildFile; fileRef = 4929C7A7173ACA87AFA38AC4 /* BaseViewController.swift */; };
		2EE14CDB3CB72317CA8BA3E2 /* String.swift in Sources */ = {isa = PBXBuildFile; fileRef = D2D6918D04C89AF0FEB7C4A6 /* String.swift */; };
		4E9E3516912041ECF972FEF2 /* Foundation.framework in Frameworks */ = {isa = PBXBuildFile; fileRef = 83B45B164FAAFBB62A801CFE /* Foundation.framework */; };
		4FE156C842AD91C27FFCA323 /* RestClient.swift in Sources */ = {isa = PBXBuildFile; fileRef = AB5AFF2662EBA9D32EB764E5 /* RestClient.swift */; };
		67DDB6DE58DF0BC2EFE900EC /* BaseService.swift in Sources */ = {isa = PBXBuildFile; fileRef = 405D73C0CA131055616E424D /* BaseService.swift */; };
		90345E22BF5954962B025CE6 /* .swiftlint.yml in Sources */ = {isa = PBXBuildFile; fileRef = BFCF244F7CB9BE76FAC7E171 /* .swiftlint.yml */; };
		9563E667451E310C751AD8E5 /* BaseViewModel.swift in Sources */ = {isa = PBXBuildFile; fileRef = C585B480675D82004C137668 /* BaseViewModel.swift */; };
		971EA0FD1FF1140E000BE731 /* OBDIIService.swift in Sources */ = {isa = PBXBuildFile; fileRef = 971EA0FC1FF1140E000BE731 /* OBDIIService.swift */; };
		9739934E2001025D00752946 /* DriveItemData.swift in Sources */ = {isa = PBXBuildFile; fileRef = 9739934D2001025D00752946 /* DriveItemData.swift */; };
		974444C51FF2CEFA002CE2BF /* Collect.storyboard in Resources */ = {isa = PBXBuildFile; fileRef = 974444C41FF2CEFA002CE2BF /* Collect.storyboard */; };
		974444C81FF2CF71002CE2BF /* CollectNavigationViewController.swift in Sources */ = {isa = PBXBuildFile; fileRef = 974444C71FF2CF71002CE2BF /* CollectNavigationViewController.swift */; };
		974444CA1FF2CF96002CE2BF /* CollectScreenViewController.swift in Sources */ = {isa = PBXBuildFile; fileRef = 974444C91FF2CF96002CE2BF /* CollectScreenViewController.swift */; };
		974444CD1FF2CFC3002CE2BF /* CollectScreenViewModel.swift in Sources */ = {isa = PBXBuildFile; fileRef = 974444CC1FF2CFC3002CE2BF /* CollectScreenViewModel.swift */; };
		97490854201E55E700C7D7D1 /* CollectDriveItemCell.swift in Sources */ = {isa = PBXBuildFile; fileRef = 97490853201E55E700C7D7D1 /* CollectDriveItemCell.swift */; };
		97490856201E56F300C7D7D1 /* CollectTableViewDriveDataViewController.swift in Sources */ = {isa = PBXBuildFile; fileRef = 97490855201E56F300C7D7D1 /* CollectTableViewDriveDataViewController.swift */; };
		97490858201E570100C7D7D1 /* CollectTableViewDriveDataViewModel.swift in Sources */ = {isa = PBXBuildFile; fileRef = 97490857201E570100C7D7D1 /* CollectTableViewDriveDataViewModel.swift */; };
		9749085A201F162500C7D7D1 /* CollectDriveItemHeader.swift in Sources */ = {isa = PBXBuildFile; fileRef = 97490859201F162500C7D7D1 /* CollectDriveItemHeader.swift */; };
		97E5EFEA1FEC1A6E00358375 /* MenuScreenViewController.swift in Sources */ = {isa = PBXBuildFile; fileRef = 97E5EFE91FEC1A6E00358375 /* MenuScreenViewController.swift */; };
		97E5EFED1FEC1A8E00358375 /* MenuScreenViewModel.swift in Sources */ = {isa = PBXBuildFile; fileRef = 97E5EFEC1FEC1A8E00358375 /* MenuScreenViewModel.swift */; };
		97E5EFEF1FEC1CDA00358375 /* StyleKit.swift in Sources */ = {isa = PBXBuildFile; fileRef = 97E5EFEE1FEC1CDA00358375 /* StyleKit.swift */; };
		BB6C33D196D5E180AC257D3F /* StoryboardHelper.swift in Sources */ = {isa = PBXBuildFile; fileRef = AA3A881B67132743707E1167 /* StoryboardHelper.swift */; };
		BB7262A79599BAF5D20AACCA /* Localizable.strings in Sources */ = {isa = PBXBuildFile; fileRef = 6B16937B566C67FC7AD5C5E6 /* Localizable.strings */; };
		D0208F0CE96D671FA33679F1 /* Pods_Driving_behaviour_analyzer.framework in Frameworks */ = {isa = PBXBuildFile; fileRef = 529B1AC1C2C7876057000073 /* Pods_Driving_behaviour_analyzer.framework */; };
		ECE270840803C467C7CA9FBC /* Images.xcassets in Resources */ = {isa = PBXBuildFile; fileRef = F12BD81362A9C6737775FCF5 /* Images.xcassets */; };
		F87438292463D02AB1726D84 /* Menu.storyboard in Resources */ = {isa = PBXBuildFile; fileRef = FB1824C075708B2637C8F90E /* Menu.storyboard */; };
		FD558B599A4FD8D951AAEDB7 /* AppDelegate.swift in Sources */ = {isa = PBXBuildFile; fileRef = E0D2185089D4A9AB40443ECA /* AppDelegate.swift */; };
/* End PBXBuildFile section */

/* Begin PBXContainerItemProxy section */
		822425950799850512B6A3DC /* PBXContainerItemProxy */ = {
			isa = PBXContainerItemProxy;
			containerPortal = DE366452CE176953F384FE97 /* Project object */;
			proxyType = 1;
			remoteGlobalIDString = C57D5CC3B2483D2B54C71C0F;
			remoteInfo = "Driving behaviour analyzer";
		};
/* End PBXContainerItemProxy section */

/* Begin PBXFileReference section */
		125785A071A39AAD82AB61F0 /* UnitTests.xctest */ = {isa = PBXFileReference; explicitFileType = wrapper.cfbundle; includeInIndex = 0; path = UnitTests.xctest; sourceTree = BUILT_PRODUCTS_DIR; };
		3D724160CF46857E7FF67430 /* Pods-Driving behaviour analyzer.release.xcconfig */ = {isa = PBXFileReference; includeInIndex = 1; lastKnownFileType = text.xcconfig; name = "Pods-Driving behaviour analyzer.release.xcconfig"; path = "Pods/Target Support Files/Pods-Driving behaviour analyzer/Pods-Driving behaviour analyzer.release.xcconfig"; sourceTree = "<group>"; };
		405D73C0CA131055616E424D /* BaseService.swift */ = {isa = PBXFileReference; includeInIndex = 1; lastKnownFileType = sourcecode.swift; path = BaseService.swift; sourceTree = "<group>"; };
		4929C7A7173ACA87AFA38AC4 /* BaseViewController.swift */ = {isa = PBXFileReference; includeInIndex = 1; lastKnownFileType = sourcecode.swift; path = BaseViewController.swift; sourceTree = "<group>"; };
		529B1AC1C2C7876057000073 /* Pods_Driving_behaviour_analyzer.framework */ = {isa = PBXFileReference; explicitFileType = wrapper.framework; includeInIndex = 0; path = Pods_Driving_behaviour_analyzer.framework; sourceTree = BUILT_PRODUCTS_DIR; };
		6B16937B566C67FC7AD5C5E6 /* Localizable.strings */ = {isa = PBXFileReference; includeInIndex = 1; lastKnownFileType = text.plist.strings; path = Localizable.strings; sourceTree = "<group>"; };
		83B45B164FAAFBB62A801CFE /* Foundation.framework */ = {isa = PBXFileReference; lastKnownFileType = wrapper.framework; name = Foundation.framework; path = Platforms/iPhoneOS.platform/Developer/SDKs/iPhoneOS9.3.sdk/System/Library/Frameworks/Foundation.framework; sourceTree = DEVELOPER_DIR; };
		971EA0FC1FF1140E000BE731 /* OBDIIService.swift */ = {isa = PBXFileReference; lastKnownFileType = sourcecode.swift; path = OBDIIService.swift; sourceTree = "<group>"; };
		9739934D2001025D00752946 /* DriveItemData.swift */ = {isa = PBXFileReference; lastKnownFileType = sourcecode.swift; path = DriveItemData.swift; sourceTree = "<group>"; };
		974444C41FF2CEFA002CE2BF /* Collect.storyboard */ = {isa = PBXFileReference; lastKnownFileType = file.storyboard; path = Collect.storyboard; sourceTree = "<group>"; };
		974444C71FF2CF71002CE2BF /* CollectNavigationViewController.swift */ = {isa = PBXFileReference; lastKnownFileType = sourcecode.swift; path = CollectNavigationViewController.swift; sourceTree = "<group>"; };
		974444C91FF2CF96002CE2BF /* CollectScreenViewController.swift */ = {isa = PBXFileReference; lastKnownFileType = sourcecode.swift; path = CollectScreenViewController.swift; sourceTree = "<group>"; };
		974444CC1FF2CFC3002CE2BF /* CollectScreenViewModel.swift */ = {isa = PBXFileReference; lastKnownFileType = sourcecode.swift; path = CollectScreenViewModel.swift; sourceTree = "<group>"; };
		97490853201E55E700C7D7D1 /* CollectDriveItemCell.swift */ = {isa = PBXFileReference; lastKnownFileType = sourcecode.swift; path = CollectDriveItemCell.swift; sourceTree = "<group>"; };
		97490855201E56F300C7D7D1 /* CollectTableViewDriveDataViewController.swift */ = {isa = PBXFileReference; lastKnownFileType = sourcecode.swift; path = CollectTableViewDriveDataViewController.swift; sourceTree = "<group>"; };
		97490857201E570100C7D7D1 /* CollectTableViewDriveDataViewModel.swift */ = {isa = PBXFileReference; lastKnownFileType = sourcecode.swift; path = CollectTableViewDriveDataViewModel.swift; sourceTree = "<group>"; };
		97490859201F162500C7D7D1 /* CollectDriveItemHeader.swift */ = {isa = PBXFileReference; lastKnownFileType = sourcecode.swift; path = CollectDriveItemHeader.swift; sourceTree = "<group>"; };
		97E5EFE91FEC1A6E00358375 /* MenuScreenViewController.swift */ = {isa = PBXFileReference; lastKnownFileType = sourcecode.swift; path = MenuScreenViewController.swift; sourceTree = "<group>"; };
		97E5EFEC1FEC1A8E00358375 /* MenuScreenViewModel.swift */ = {isa = PBXFileReference; lastKnownFileType = sourcecode.swift; path = MenuScreenViewModel.swift; sourceTree = "<group>"; };
		97E5EFEE1FEC1CDA00358375 /* StyleKit.swift */ = {isa = PBXFileReference; fileEncoding = 4; lastKnownFileType = sourcecode.swift; path = StyleKit.swift; sourceTree = "<group>"; };
		9FAB6042780CC7D1006FCEA1 /* Driving behaviour analyzer.app */ = {isa = PBXFileReference; explicitFileType = wrapper.application; includeInIndex = 0; path = "Driving behaviour analyzer.app"; sourceTree = BUILT_PRODUCTS_DIR; };
		A824F4AB13B12E02FD0F8205 /* Pods-Driving behaviour analyzer.debug.xcconfig */ = {isa = PBXFileReference; includeInIndex = 1; lastKnownFileType = text.xcconfig; name = "Pods-Driving behaviour analyzer.debug.xcconfig"; path = "Pods/Target Support Files/Pods-Driving behaviour analyzer/Pods-Driving behaviour analyzer.debug.xcconfig"; sourceTree = "<group>"; };
		AA3A881B67132743707E1167 /* StoryboardHelper.swift */ = {isa = PBXFileReference; includeInIndex = 1; lastKnownFileType = sourcecode.swift; path = StoryboardHelper.swift; sourceTree = "<group>"; };
		AB5AFF2662EBA9D32EB764E5 /* RestClient.swift */ = {isa = PBXFileReference; includeInIndex = 1; lastKnownFileType = sourcecode.swift; path = RestClient.swift; sourceTree = "<group>"; };
		BFCF244F7CB9BE76FAC7E171 /* .swiftlint.yml */ = {isa = PBXFileReference; includeInIndex = 1; lastKnownFileType = text; path = .swiftlint.yml; sourceTree = "<group>"; };
		C585B480675D82004C137668 /* BaseViewModel.swift */ = {isa = PBXFileReference; includeInIndex = 1; lastKnownFileType = sourcecode.swift; path = BaseViewModel.swift; sourceTree = "<group>"; };
		D2D6918D04C89AF0FEB7C4A6 /* String.swift */ = {isa = PBXFileReference; includeInIndex = 1; lastKnownFileType = sourcecode.swift; path = String.swift; sourceTree = "<group>"; };
		E0D2185089D4A9AB40443ECA /* AppDelegate.swift */ = {isa = PBXFileReference; includeInIndex = 1; lastKnownFileType = sourcecode.swift; path = AppDelegate.swift; sourceTree = "<group>"; };
		F12BD81362A9C6737775FCF5 /* Images.xcassets */ = {isa = PBXFileReference; includeInIndex = 1; lastKnownFileType = folder.assetcatalog; path = Images.xcassets; sourceTree = "<group>"; };
		F2C59FA7C7B4DC9EFA8B554D /* Info.plist */ = {isa = PBXFileReference; includeInIndex = 1; lastKnownFileType = text.plist.xml; path = Info.plist; sourceTree = "<group>"; };
		FB1824C075708B2637C8F90E /* Menu.storyboard */ = {isa = PBXFileReference; includeInIndex = 1; lastKnownFileType = file.storyboard; path = Menu.storyboard; sourceTree = "<group>"; };
/* End PBXFileReference section */

/* Begin PBXFrameworksBuildPhase section */
		031FF3A935B4FA0A5B1DE073 /* Frameworks */ = {
			isa = PBXFrameworksBuildPhase;
			buildActionMask = 2147483647;
			files = (
				4E9E3516912041ECF972FEF2 /* Foundation.framework in Frameworks */,
				D0208F0CE96D671FA33679F1 /* Pods_Driving_behaviour_analyzer.framework in Frameworks */,
			);
			runOnlyForDeploymentPostprocessing = 0;
		};
		3A9EA7B1C3B31BC3CC190A72 /* Frameworks */ = {
			isa = PBXFrameworksBuildPhase;
			buildActionMask = 2147483647;
			files = (
			);
			runOnlyForDeploymentPostprocessing = 0;
		};
/* End PBXFrameworksBuildPhase section */

/* Begin PBXGroup section */
		018AF8B557347B15A448D128 /* Products */ = {
			isa = PBXGroup;
			children = (
				9FAB6042780CC7D1006FCEA1 /* Driving behaviour analyzer.app */,
				125785A071A39AAD82AB61F0 /* UnitTests.xctest */,
			);
			name = Products;
			sourceTree = "<group>";
		};
		142B3A8D9549DFB11F801523 /* Models */ = {
			isa = PBXGroup;
			children = (
				9739934C2001021900752946 /* Database */,
			);
			path = Models;
			sourceTree = "<group>";
		};
		1A1DC1A69CEE0509206B44E0 /* Pods */ = {
			isa = PBXGroup;
			children = (
				3D724160CF46857E7FF67430 /* Pods-Driving behaviour analyzer.release.xcconfig */,
				A824F4AB13B12E02FD0F8205 /* Pods-Driving behaviour analyzer.debug.xcconfig */,
			);
			name = Pods;
			sourceTree = "<group>";
		};
		1C54578A4A84E5717F85BF4D /* ViewControllers */ = {
			isa = PBXGroup;
			children = (
				974444C61FF2CF4A002CE2BF /* CollectScreen */,
				97E5EFE81FEC1A1D00358375 /* MenuScreen */,
				4929C7A7173ACA87AFA38AC4 /* BaseViewController.swift */,
			);
			path = ViewControllers;
			sourceTree = "<group>";
		};
		36D7023052C38A8D192076FA /* Networking */ = {
			isa = PBXGroup;
			children = (
				AB5AFF2662EBA9D32EB764E5 /* RestClient.swift */,
			);
			path = Networking;
			sourceTree = "<group>";
		};
		47183AD9D3F4273CBD5C25B1 /* iOS */ = {
			isa = PBXGroup;
			children = (
				83B45B164FAAFBB62A801CFE /* Foundation.framework */,
			);
			name = iOS;
			sourceTree = "<group>";
		};
		63BC93B3132B512751F1AA88 /* Services */ = {
			isa = PBXGroup;
			children = (
				405D73C0CA131055616E424D /* BaseService.swift */,
				971EA0FC1FF1140E000BE731 /* OBDIIService.swift */,
			);
			path = Services;
			sourceTree = "<group>";
		};
		6A81235AE0CF1CD03BD6341D /* Resources */ = {
			isa = PBXGroup;
			children = (
				E0D2185089D4A9AB40443ECA /* AppDelegate.swift */,
				F12BD81362A9C6737775FCF5 /* Images.xcassets */,
				89990009A15160C674AB39D6 /* Storyboards */,
				F2C59FA7C7B4DC9EFA8B554D /* Info.plist */,
			);
			path = Resources;
			sourceTree = "<group>";
		};
		6BD271E87373C9030762E8D5 /* Frameworks */ = {
			isa = PBXGroup;
			children = (
				47183AD9D3F4273CBD5C25B1 /* iOS */,
				529B1AC1C2C7876057000073 /* Pods_Driving_behaviour_analyzer.framework */,
			);
			name = Frameworks;
			sourceTree = "<group>";
		};
		89990009A15160C674AB39D6 /* Storyboards */ = {
			isa = PBXGroup;
			children = (
				FB1824C075708B2637C8F90E /* Menu.storyboard */,
				974444C41FF2CEFA002CE2BF /* Collect.storyboard */,
			);
			path = Storyboards;
			sourceTree = "<group>";
		};
		92DD765B0E1537F5333CA68D /* Helpers */ = {
			isa = PBXGroup;
			children = (
				97E5EFEE1FEC1CDA00358375 /* StyleKit.swift */,
				6B16937B566C67FC7AD5C5E6 /* Localizable.strings */,
				AA3A881B67132743707E1167 /* StoryboardHelper.swift */,
				D2D6918D04C89AF0FEB7C4A6 /* String.swift */,
			);
			path = Helpers;
			sourceTree = "<group>";
		};
		9739934C2001021900752946 /* Database */ = {
			isa = PBXGroup;
			children = (
				9739934D2001025D00752946 /* DriveItemData.swift */,
			);
			path = Database;
			sourceTree = "<group>";
		};
		974444C61FF2CF4A002CE2BF /* CollectScreen */ = {
			isa = PBXGroup;
			children = (
				974444C71FF2CF71002CE2BF /* CollectNavigationViewController.swift */,
				974444C91FF2CF96002CE2BF /* CollectScreenViewController.swift */,
				97490855201E56F300C7D7D1 /* CollectTableViewDriveDataViewController.swift */,
			);
			path = CollectScreen;
			sourceTree = "<group>";
		};
		974444CB1FF2CFB4002CE2BF /* CollectScreen */ = {
			isa = PBXGroup;
			children = (
				974444CC1FF2CFC3002CE2BF /* CollectScreenViewModel.swift */,
				97490857201E570100C7D7D1 /* CollectTableViewDriveDataViewModel.swift */,
			);
			path = CollectScreen;
			sourceTree = "<group>";
		};
		97490852201E55BE00C7D7D1 /* CollectScreen */ = {
			isa = PBXGroup;
			children = (
				97490853201E55E700C7D7D1 /* CollectDriveItemCell.swift */,
				97490859201F162500C7D7D1 /* CollectDriveItemHeader.swift */,
			);
			path = CollectScreen;
			sourceTree = "<group>";
		};
		97E5EFE81FEC1A1D00358375 /* MenuScreen */ = {
			isa = PBXGroup;
			children = (
				97E5EFE91FEC1A6E00358375 /* MenuScreenViewController.swift */,
			);
			path = MenuScreen;
			sourceTree = "<group>";
		};
		97E5EFEB1FEC1A7C00358375 /* MenuScreen */ = {
			isa = PBXGroup;
			children = (
				97E5EFEC1FEC1A8E00358375 /* MenuScreenViewModel.swift */,
			);
			path = MenuScreen;
			sourceTree = "<group>";
		};
		998CC4C5409976F8AFBDF6E3 /* Views */ = {
			isa = PBXGroup;
			children = (
				97490852201E55BE00C7D7D1 /* CollectScreen */,
			);
			path = Views;
			sourceTree = "<group>";
		};
		A3FFDB1283FB70CBB080F8CC /* ViewModels */ = {
			isa = PBXGroup;
			children = (
				974444CB1FF2CFB4002CE2BF /* CollectScreen */,
				97E5EFEB1FEC1A7C00358375 /* MenuScreen */,
				C585B480675D82004C137668 /* BaseViewModel.swift */,
			);
			path = ViewModels;
			sourceTree = "<group>";
		};
		B91018143FA177887EB33484 = {
			isa = PBXGroup;
			children = (
				C824AF1988B3730FFD65DD2F /* Driving behaviour analyzer */,
				6BD271E87373C9030762E8D5 /* Frameworks */,
				018AF8B557347B15A448D128 /* Products */,
				1A1DC1A69CEE0509206B44E0 /* Pods */,
			);
			indentWidth = 4;
			sourceTree = "<group>";
			tabWidth = 4;
			usesTabs = 0;
		};
		C824AF1988B3730FFD65DD2F /* Driving behaviour analyzer */ = {
			isa = PBXGroup;
			children = (
				92DD765B0E1537F5333CA68D /* Helpers */,
				36D7023052C38A8D192076FA /* Networking */,
				63BC93B3132B512751F1AA88 /* Services */,
				142B3A8D9549DFB11F801523 /* Models */,
				998CC4C5409976F8AFBDF6E3 /* Views */,
				A3FFDB1283FB70CBB080F8CC /* ViewModels */,
				1C54578A4A84E5717F85BF4D /* ViewControllers */,
				6A81235AE0CF1CD03BD6341D /* Resources */,
				BFCF244F7CB9BE76FAC7E171 /* .swiftlint.yml */,
			);
			path = "Driving behaviour analyzer";
			sourceTree = "<group>";
		};
/* End PBXGroup section */

/* Begin PBXNativeTarget section */
		9FA60A122A86060AF273ADA4 /* UnitTests */ = {
			isa = PBXNativeTarget;
			buildConfigurationList = D99B5E080CEDB1F52F461085 /* Build configuration list for PBXNativeTarget "UnitTests" */;
			buildPhases = (
				A4202D733621155A54188FB7 /* Sources */,
				3A9EA7B1C3B31BC3CC190A72 /* Frameworks */,
				86892E48FD09CDC13A427DB6 /* Resources */,
			);
			buildRules = (
			);
			dependencies = (
				73DBCB63C786C4D1ECA8525C /* PBXTargetDependency */,
			);
			name = UnitTests;
			productName = UnitTests;
			productReference = 125785A071A39AAD82AB61F0 /* UnitTests.xctest */;
			productType = "com.apple.product-type.bundle.unit-test";
		};
		C57D5CC3B2483D2B54C71C0F /* Driving behaviour analyzer */ = {
			isa = PBXNativeTarget;
			buildConfigurationList = A77B79BD77F1292CD5F4097D /* Build configuration list for PBXNativeTarget "Driving behaviour analyzer" */;
			buildPhases = (
				3FBFDA58DA23A60C696E3A3A /* [CP] Check Pods Manifest.lock */,
				0AF52A89BACD705A1DC38E25 /* Sources */,
				031FF3A935B4FA0A5B1DE073 /* Frameworks */,
				07B2C84AA1D075977351C732 /* Resources */,
				06799737FC4393584C4FE219 /* Warn for TODO and FIXME comments */,
				AD18CBF6AF16F28DB7F27BA6 /* [CP] Embed Pods Frameworks */,
				6265A3EC18035523B2CD9101 /* [CP] Copy Pods Resources */,
			);
			buildRules = (
			);
			dependencies = (
			);
			name = "Driving behaviour analyzer";
			productName = "Driving behaviour analyzer";
			productReference = 9FAB6042780CC7D1006FCEA1 /* Driving behaviour analyzer.app */;
			productType = "com.apple.product-type.application";
		};
/* End PBXNativeTarget section */

/* Begin PBXProject section */
		DE366452CE176953F384FE97 /* Project object */ = {
			isa = PBXProject;
			attributes = {
				CLASSPREFIX = "";
				LastSwiftUpdateCheck = 0730;
				LastUpgradeCheck = 0920;
				ORGANIZATIONNAME = Pkuzia;
				TargetAttributes = {
					C57D5CC3B2483D2B54C71C0F = {
						DevelopmentTeam = E2KG6LTEW8;
						ProvisioningStyle = Manual;
					};
				};
			};
			buildConfigurationList = 38AEF90F3FBE41AE0B5959B6 /* Build configuration list for PBXProject "Driving behaviour analyzer" */;
			compatibilityVersion = "Xcode 3.2";
			developmentRegion = English;
			hasScannedForEncodings = 0;
			knownRegions = (
				en,
			);
			mainGroup = B91018143FA177887EB33484;
			productRefGroup = 018AF8B557347B15A448D128 /* Products */;
			projectDirPath = "";
			projectRoot = "";
			targets = (
				C57D5CC3B2483D2B54C71C0F /* Driving behaviour analyzer */,
				9FA60A122A86060AF273ADA4 /* UnitTests */,
			);
		};
/* End PBXProject section */

/* Begin PBXResourcesBuildPhase section */
		07B2C84AA1D075977351C732 /* Resources */ = {
			isa = PBXResourcesBuildPhase;
			buildActionMask = 2147483647;
			files = (
				ECE270840803C467C7CA9FBC /* Images.xcassets in Resources */,
				F87438292463D02AB1726D84 /* Menu.storyboard in Resources */,
				974444C51FF2CEFA002CE2BF /* Collect.storyboard in Resources */,
			);
			runOnlyForDeploymentPostprocessing = 0;
		};
		86892E48FD09CDC13A427DB6 /* Resources */ = {
			isa = PBXResourcesBuildPhase;
			buildActionMask = 2147483647;
			files = (
			);
			runOnlyForDeploymentPostprocessing = 0;
		};
/* End PBXResourcesBuildPhase section */

/* Begin PBXShellScriptBuildPhase section */
		06799737FC4393584C4FE219 /* Warn for TODO and FIXME comments */ = {
			isa = PBXShellScriptBuildPhase;
			buildActionMask = 2147483647;
			files = (
			);
			inputPaths = (
			);
			name = "Warn for TODO and FIXME comments";
			outputPaths = (
			);
			runOnlyForDeploymentPostprocessing = 0;
			shellPath = /bin/sh;
			shellScript = "KEYWORDS=\"TODO:|FIXME:|\\?\\?\\?:|\\!\\!\\!:\"\nFILE_EXTENSIONS=\"swift|h|m|mm|c|cpp\"\nfind -E \"${SRCROOT}\" -ipath \"${SRCROOT}/Carthage\" -prune -o -ipath \"${SRCROOT}/pods\" -prune -o \\( -regex \".*\\.($FILE_EXTENSIONS)$\" \\) -print0 | xargs -0 egrep --with-filename --line-number --only-matching \"($KEYWORDS).*\\$\" | perl -p -e \"s/($KEYWORDS)/ warning: \\$1/\"\n";
		};
		3FBFDA58DA23A60C696E3A3A /* [CP] Check Pods Manifest.lock */ = {
			isa = PBXShellScriptBuildPhase;
			buildActionMask = 2147483647;
			files = (
			);
			inputPaths = (
			);
			name = "[CP] Check Pods Manifest.lock";
			outputPaths = (
			);
			runOnlyForDeploymentPostprocessing = 0;
			shellPath = /bin/sh;
			shellScript = "diff \"${PODS_ROOT}/../Podfile.lock\" \"${PODS_ROOT}/Manifest.lock\" > /dev/null\nif [ $? != 0 ] ; then\n    # print error to STDERR\n    echo \"error: The sandbox is not in sync with the Podfile.lock. Run 'pod install' or update your CocoaPods installation.\" >&2\n    exit 1\nfi\n";
			showEnvVarsInLog = 0;
		};
		6265A3EC18035523B2CD9101 /* [CP] Copy Pods Resources */ = {
			isa = PBXShellScriptBuildPhase;
			buildActionMask = 2147483647;
			files = (
			);
			inputPaths = (
			);
			name = "[CP] Copy Pods Resources";
			outputPaths = (
			);
			runOnlyForDeploymentPostprocessing = 0;
			shellPath = /bin/sh;
			shellScript = "\"${SRCROOT}/Pods/Target Support Files/Pods-Driving behaviour analyzer/Pods-Driving behaviour analyzer-resources.sh\"\n";
			showEnvVarsInLog = 0;
		};
		AD18CBF6AF16F28DB7F27BA6 /* [CP] Embed Pods Frameworks */ = {
			isa = PBXShellScriptBuildPhase;
			buildActionMask = 2147483647;
			files = (
			);
			inputPaths = (
			);
			name = "[CP] Embed Pods Frameworks";
			outputPaths = (
			);
			runOnlyForDeploymentPostprocessing = 0;
			shellPath = /bin/sh;
			shellScript = "\"${SRCROOT}/Pods/Target Support Files/Pods-Driving behaviour analyzer/Pods-Driving behaviour analyzer-frameworks.sh\"\n";
			showEnvVarsInLog = 0;
		};
/* End PBXShellScriptBuildPhase section */

/* Begin PBXSourcesBuildPhase section */
		0AF52A89BACD705A1DC38E25 /* Sources */ = {
			isa = PBXSourcesBuildPhase;
			buildActionMask = 2147483647;
			files = (
				BB7262A79599BAF5D20AACCA /* Localizable.strings in Sources */,
				BB6C33D196D5E180AC257D3F /* StoryboardHelper.swift in Sources */,
				97490856201E56F300C7D7D1 /* CollectTableViewDriveDataViewController.swift in Sources */,
				2EE14CDB3CB72317CA8BA3E2 /* String.swift in Sources */,
				97E5EFEF1FEC1CDA00358375 /* StyleKit.swift in Sources */,
				4FE156C842AD91C27FFCA323 /* RestClient.swift in Sources */,
				67DDB6DE58DF0BC2EFE900EC /* BaseService.swift in Sources */,
				97490854201E55E700C7D7D1 /* CollectDriveItemCell.swift in Sources */,
				97E5EFED1FEC1A8E00358375 /* MenuScreenViewModel.swift in Sources */,
				97E5EFEA1FEC1A6E00358375 /* MenuScreenViewController.swift in Sources */,
				9739934E2001025D00752946 /* DriveItemData.swift in Sources */,
				971EA0FD1FF1140E000BE731 /* OBDIIService.swift in Sources */,
				97490858201E570100C7D7D1 /* CollectTableViewDriveDataViewModel.swift in Sources */,
				9563E667451E310C751AD8E5 /* BaseViewModel.swift in Sources */,
				20E817BBC5C110F88916E16F /* BaseViewController.swift in Sources */,
				974444C81FF2CF71002CE2BF /* CollectNavigationViewController.swift in Sources */,
				FD558B599A4FD8D951AAEDB7 /* AppDelegate.swift in Sources */,
				9749085A201F162500C7D7D1 /* CollectDriveItemHeader.swift in Sources */,
				90345E22BF5954962B025CE6 /* .swiftlint.yml in Sources */,
				974444CD1FF2CFC3002CE2BF /* CollectScreenViewModel.swift in Sources */,
				974444CA1FF2CF96002CE2BF /* CollectScreenViewController.swift in Sources */,
			);
			runOnlyForDeploymentPostprocessing = 0;
		};
		A4202D733621155A54188FB7 /* Sources */ = {
			isa = PBXSourcesBuildPhase;
			buildActionMask = 2147483647;
			files = (
			);
			runOnlyForDeploymentPostprocessing = 0;
		};
/* End PBXSourcesBuildPhase section */

/* Begin PBXTargetDependency section */
		73DBCB63C786C4D1ECA8525C /* PBXTargetDependency */ = {
			isa = PBXTargetDependency;
			name = "Driving behaviour analyzer";
			target = C57D5CC3B2483D2B54C71C0F /* Driving behaviour analyzer */;
			targetProxy = 822425950799850512B6A3DC /* PBXContainerItemProxy */;
		};
/* End PBXTargetDependency section */

/* Begin XCBuildConfiguration section */
		1196592AC7F1879E0A62E389 /* Debug */ = {
			isa = XCBuildConfiguration;
			buildSettings = {
				BUNDLE_LOADER = "$(BUILT_PRODUCTS_DIR)/Driving behaviour analyzer.app/Driving behaviour analyzer";
				ENABLE_STRICT_OBJC_MSGSEND = YES;
				FRAMEWORK_SEARCH_PATHS = (
					"$(SDKROOT)/Developer/Library/Frameworks",
					"$(inherited)",
					"$(DEVELOPER_FRAMEWORKS_DIR)",
				);
				GCC_NO_COMMON_BLOCKS = YES;
				INFOPLIST_FILE = "UnitTests/Resources/UnitTests-Info.plist";
				PRODUCT_NAME = "$(TARGET_NAME)";
				SDKROOT = iphoneos;
				SKIP_INSTALL = YES;
				TEST_HOST = "$(BUNDLE_LOADER)";
				WRAPPER_EXTENSION = xctest;
			};
			name = Debug;
		};
		60AC26FE69ECF79ECA4C6189 /* Release */ = {
			isa = XCBuildConfiguration;
			buildSettings = {
				ALWAYS_SEARCH_USER_PATHS = NO;
				ASSETCATALOG_COMPILER_APPICON_NAME = AppIcon;
				CLANG_ANALYZER_NONNULL = YES;
				CLANG_CXX_LANGUAGE_STANDARD = "gnu++0x";
				CLANG_CXX_LIBRARY = "libc++";
				CLANG_ENABLE_MODULES = YES;
				CLANG_ENABLE_OBJC_ARC = YES;
				CLANG_WARN_BLOCK_CAPTURE_AUTORELEASING = YES;
				CLANG_WARN_BOOL_CONVERSION = YES;
				CLANG_WARN_COMMA = YES;
				CLANG_WARN_CONSTANT_CONVERSION = YES;
				CLANG_WARN_DEPRECATED_OBJC_IMPLEMENTATIONS = YES;
				CLANG_WARN_DIRECT_OBJC_ISA_USAGE = YES;
				CLANG_WARN_EMPTY_BODY = YES;
				CLANG_WARN_ENUM_CONVERSION = YES;
				CLANG_WARN_IMPLICIT_SIGN_CONVERSION = YES;
				CLANG_WARN_INFINITE_RECURSION = YES;
				CLANG_WARN_INT_CONVERSION = YES;
				CLANG_WARN_OBJC_IMPLICIT_RETAIN_SELF = YES;
				CLANG_WARN_OBJC_ROOT_CLASS = YES;
				CLANG_WARN_RANGE_LOOP_ANALYSIS = YES;
				CLANG_WARN_STRICT_PROTOTYPES = YES;
				CLANG_WARN_SUSPICIOUS_IMPLICIT_CONVERSION = YES;
				CLANG_WARN_SUSPICIOUS_MOVE = YES;
				CLANG_WARN_UNREACHABLE_CODE = YES;
				CLANG_WARN__DUPLICATE_METHOD_MATCH = YES;
				"CODE_SIGN_IDENTITY[sdk=iphoneos*]" = "iPhone Developer";
				COPY_PHASE_STRIP = YES;
				ENABLE_NS_ASSERTIONS = NO;
				ENABLE_STRICT_OBJC_MSGSEND = YES;
				GCC_C_LANGUAGE_STANDARD = gnu99;
				GCC_NO_COMMON_BLOCKS = YES;
				GCC_WARN_64_TO_32_BIT_CONVERSION = YES;
				GCC_WARN_ABOUT_DEPRECATED_FUNCTIONS = YES;
				GCC_WARN_ABOUT_MISSING_FIELD_INITIALIZERS = YES;
				GCC_WARN_ABOUT_MISSING_NEWLINE = YES;
				GCC_WARN_ABOUT_RETURN_TYPE = YES;
				GCC_WARN_CHECK_SWITCH_STATEMENTS = YES;
				GCC_WARN_INITIALIZER_NOT_FULLY_BRACKETED = YES;
				GCC_WARN_MISSING_PARENTHESES = YES;
				GCC_WARN_SHADOW = YES;
				GCC_WARN_SIGN_COMPARE = YES;
				GCC_WARN_TYPECHECK_CALLS_TO_PRINTF = YES;
				GCC_WARN_UNDECLARED_SELECTOR = YES;
				GCC_WARN_UNINITIALIZED_AUTOS = YES;
				GCC_WARN_UNUSED_FUNCTION = YES;
				GCC_WARN_UNUSED_LABEL = YES;
				GCC_WARN_UNUSED_VALUE = YES;
				GCC_WARN_UNUSED_VARIABLE = YES;
				IPHONEOS_DEPLOYMENT_TARGET = 9.0;
				RUN_CLANG_STATIC_ANALYZER = YES;
				SDKROOT = iphoneos;
				SWIFT_OPTIMIZATION_LEVEL = "-Owholemodule";
				VALIDATE_PRODUCT = YES;
			};
			name = Release;
		};
		B010A7F0ADB36E189C611DFE /* Debug */ = {
			isa = XCBuildConfiguration;
			baseConfigurationReference = A824F4AB13B12E02FD0F8205 /* Pods-Driving behaviour analyzer.debug.xcconfig */;
			buildSettings = {
				ASSETCATALOG_COMPILER_APPICON_NAME = AppIcon;
				"CODE_SIGN_IDENTITY[sdk=iphoneos*]" = "iPhone Developer";
				CODE_SIGN_STYLE = Manual;
				DEBUG_INFORMATION_FORMAT = dwarf;
				DEVELOPMENT_TEAM = E2KG6LTEW8;
				ENABLE_STRICT_OBJC_MSGSEND = YES;
				GCC_NO_COMMON_BLOCKS = YES;
				INFOPLIST_FILE = "$(SRCROOT)/Driving behaviour analyzer/Resources/Info.plist";
				LD_RUNPATH_SEARCH_PATHS = "$(inherited) @executable_path/Frameworks";
				MTL_ENABLE_DEBUG_INFO = YES;
				PRODUCT_BUNDLE_IDENTIFIER = "mobile.iterato.rs.Driving behaviour analyzer";
				PRODUCT_NAME = "$(TARGET_NAME)";
				PROVISIONING_PROFILE = "4fdf1136-73f3-4260-be2b-0a17b0f9e7f3";
				PROVISIONING_PROFILE_SPECIFIER = Development;
				SDKROOT = iphoneos;
				SWIFT_OPTIMIZATION_LEVEL = "-Onone";
				SWIFT_VERSION = 3.0;
				TARGETED_DEVICE_FAMILY = "1,2";
			};
			name = Debug;
		};
		D654571F87FEE409FB4CD56A /* Release */ = {
			isa = XCBuildConfiguration;
			buildSettings = {
				BUNDLE_LOADER = "$(BUILT_PRODUCTS_DIR)/Driving behaviour analyzer.app/Driving behaviour analyzer";
				ENABLE_STRICT_OBJC_MSGSEND = YES;
				FRAMEWORK_SEARCH_PATHS = (
					"$(SDKROOT)/Developer/Library/Frameworks",
					"$(inherited)",
					"$(DEVELOPER_FRAMEWORKS_DIR)",
				);
				GCC_NO_COMMON_BLOCKS = YES;
				INFOPLIST_FILE = "UnitTests/Resources/UnitTests-Info.plist";
				PRODUCT_NAME = "$(TARGET_NAME)";
				SDKROOT = iphoneos;
				SKIP_INSTALL = YES;
				TEST_HOST = "$(BUNDLE_LOADER)";
				WRAPPER_EXTENSION = xctest;
			};
			name = Release;
		};
		DB5B76020CC210D40EFF49EC /* Release */ = {
			isa = XCBuildConfiguration;
			baseConfigurationReference = 3D724160CF46857E7FF67430 /* Pods-Driving behaviour analyzer.release.xcconfig */;
			buildSettings = {
				ASSETCATALOG_COMPILER_APPICON_NAME = AppIcon;
				"CODE_SIGN_IDENTITY[sdk=iphoneos*]" = "iPhone Developer";
				CODE_SIGN_STYLE = Manual;
				DEBUG_INFORMATION_FORMAT = "dwarf-with-dsym";
				DEVELOPMENT_TEAM = E2KG6LTEW8;
				ENABLE_STRICT_OBJC_MSGSEND = YES;
				GCC_NO_COMMON_BLOCKS = YES;
				GCC_TREAT_WARNINGS_AS_ERRORS = YES;
				INFOPLIST_FILE = "$(SRCROOT)/Driving behaviour analyzer/Resources/Info.plist";
				LD_RUNPATH_SEARCH_PATHS = "$(inherited) @executable_path/Frameworks";
				MTL_ENABLE_DEBUG_INFO = NO;
				PRODUCT_BUNDLE_IDENTIFIER = "mobile.iterato.rs.Driving behaviour analyzer";
				PRODUCT_NAME = "$(TARGET_NAME)";
				PROVISIONING_PROFILE = "4fdf1136-73f3-4260-be2b-0a17b0f9e7f3";
				PROVISIONING_PROFILE_SPECIFIER = Development;
				SDKROOT = iphoneos;
				SWIFT_VERSION = 3.0;
				TARGETED_DEVICE_FAMILY = "1,2";
			};
			name = Release;
		};
		E91F040FC310BB201C2941B7 /* Debug */ = {
			isa = XCBuildConfiguration;
			buildSettings = {
				ALWAYS_SEARCH_USER_PATHS = NO;
				ASSETCATALOG_COMPILER_APPICON_NAME = AppIcon;
				CLANG_ANALYZER_NONNULL = YES;
				CLANG_CXX_LANGUAGE_STANDARD = "gnu++0x";
				CLANG_CXX_LIBRARY = "libc++";
				CLANG_ENABLE_MODULES = YES;
				CLANG_ENABLE_OBJC_ARC = YES;
				CLANG_WARN_BLOCK_CAPTURE_AUTORELEASING = YES;
				CLANG_WARN_BOOL_CONVERSION = YES;
				CLANG_WARN_COMMA = YES;
				CLANG_WARN_CONSTANT_CONVERSION = YES;
				CLANG_WARN_DEPRECATED_OBJC_IMPLEMENTATIONS = YES;
				CLANG_WARN_DIRECT_OBJC_ISA_USAGE = YES;
				CLANG_WARN_EMPTY_BODY = YES;
				CLANG_WARN_ENUM_CONVERSION = YES;
				CLANG_WARN_IMPLICIT_SIGN_CONVERSION = YES;
				CLANG_WARN_INFINITE_RECURSION = YES;
				CLANG_WARN_INT_CONVERSION = YES;
				CLANG_WARN_OBJC_IMPLICIT_RETAIN_SELF = YES;
				CLANG_WARN_OBJC_ROOT_CLASS = YES;
				CLANG_WARN_RANGE_LOOP_ANALYSIS = YES;
				CLANG_WARN_STRICT_PROTOTYPES = YES;
				CLANG_WARN_SUSPICIOUS_IMPLICIT_CONVERSION = YES;
				CLANG_WARN_SUSPICIOUS_MOVE = YES;
				CLANG_WARN_UNREACHABLE_CODE = YES;
				CLANG_WARN__DUPLICATE_METHOD_MATCH = YES;
				"CODE_SIGN_IDENTITY[sdk=iphoneos*]" = "iPhone Developer";
				COPY_PHASE_STRIP = NO;
				ENABLE_STRICT_OBJC_MSGSEND = YES;
				ENABLE_TESTABILITY = YES;
				GCC_C_LANGUAGE_STANDARD = gnu99;
				GCC_DYNAMIC_NO_PIC = NO;
				GCC_NO_COMMON_BLOCKS = YES;
				GCC_OPTIMIZATION_LEVEL = 0;
				GCC_PREPROCESSOR_DEFINITIONS = (
					"DEBUG=1",
					"$(inherited)",
				);
				GCC_SYMBOLS_PRIVATE_EXTERN = NO;
				GCC_WARN_64_TO_32_BIT_CONVERSION = YES;
				GCC_WARN_ABOUT_DEPRECATED_FUNCTIONS = YES;
				GCC_WARN_ABOUT_MISSING_FIELD_INITIALIZERS = YES;
				GCC_WARN_ABOUT_MISSING_NEWLINE = YES;
				GCC_WARN_ABOUT_RETURN_TYPE = YES;
				GCC_WARN_CHECK_SWITCH_STATEMENTS = YES;
				GCC_WARN_INITIALIZER_NOT_FULLY_BRACKETED = YES;
				GCC_WARN_MISSING_PARENTHESES = YES;
				GCC_WARN_SHADOW = YES;
				GCC_WARN_SIGN_COMPARE = YES;
				GCC_WARN_TYPECHECK_CALLS_TO_PRINTF = YES;
				GCC_WARN_UNDECLARED_SELECTOR = YES;
				GCC_WARN_UNINITIALIZED_AUTOS = YES;
				GCC_WARN_UNUSED_FUNCTION = YES;
				GCC_WARN_UNUSED_LABEL = YES;
				GCC_WARN_UNUSED_VALUE = YES;
				GCC_WARN_UNUSED_VARIABLE = YES;
				IPHONEOS_DEPLOYMENT_TARGET = 9.0;
				ONLY_ACTIVE_ARCH = YES;
				RUN_CLANG_STATIC_ANALYZER = YES;
				SDKROOT = iphoneos;
			};
			name = Debug;
		};
/* End XCBuildConfiguration section */

/* Begin XCConfigurationList section */
		38AEF90F3FBE41AE0B5959B6 /* Build configuration list for PBXProject "Driving behaviour analyzer" */ = {
			isa = XCConfigurationList;
			buildConfigurations = (
				E91F040FC310BB201C2941B7 /* Debug */,
				60AC26FE69ECF79ECA4C6189 /* Release */,
			);
			defaultConfigurationIsVisible = 0;
			defaultConfigurationName = Release;
		};
		A77B79BD77F1292CD5F4097D /* Build configuration list for PBXNativeTarget "Driving behaviour analyzer" */ = {
			isa = XCConfigurationList;
			buildConfigurations = (
				DB5B76020CC210D40EFF49EC /* Release */,
				B010A7F0ADB36E189C611DFE /* Debug */,
			);
			defaultConfigurationIsVisible = 0;
			defaultConfigurationName = Release;
		};
		D99B5E080CEDB1F52F461085 /* Build configuration list for PBXNativeTarget "UnitTests" */ = {
			isa = XCConfigurationList;
			buildConfigurations = (
				D654571F87FEE409FB4CD56A /* Release */,
				1196592AC7F1879E0A62E389 /* Debug */,
			);
			defaultConfigurationIsVisible = 0;
			defaultConfigurationName = Release;
		};
/* End XCConfigurationList section */
	};
	rootObject = DE366452CE176953F384FE97 /* Project object */;
}
